// !$*UTF8*$!
{
	archiveVersion = 1;
	classes = {
	};
	objectVersion = 50;
	objects = {

/* Begin PBXBuildFile section */
		840AA44324B904790017886D /* WaterMeButton.swift in Sources */ = {isa = PBXBuildFile; fileRef = 840AA44224B904790017886D /* WaterMeButton.swift */; };
		841DB9E924B5F0EF0048A5B7 /* AppDelegate.swift in Sources */ = {isa = PBXBuildFile; fileRef = 841DB9E824B5F0EF0048A5B7 /* AppDelegate.swift */; };
		841DB9EB24B5F0EF0048A5B7 /* SceneDelegate.swift in Sources */ = {isa = PBXBuildFile; fileRef = 841DB9EA24B5F0EF0048A5B7 /* SceneDelegate.swift */; };
		841DB9ED24B5F0EF0048A5B7 /* ContentView.swift in Sources */ = {isa = PBXBuildFile; fileRef = 841DB9EC24B5F0EF0048A5B7 /* ContentView.swift */; };
		841DB9EF24B5F0F10048A5B7 /* Assets.xcassets in Resources */ = {isa = PBXBuildFile; fileRef = 841DB9EE24B5F0F10048A5B7 /* Assets.xcassets */; };
		841DB9F224B5F0F10048A5B7 /* Preview Assets.xcassets in Resources */ = {isa = PBXBuildFile; fileRef = 841DB9F124B5F0F10048A5B7 /* Preview Assets.xcassets */; };
		841DB9F524B5F0F10048A5B7 /* LaunchScreen.storyboard in Resources */ = {isa = PBXBuildFile; fileRef = 841DB9F324B5F0F10048A5B7 /* LaunchScreen.storyboard */; };
		841DB9FF24B5F13E0048A5B7 /* Garden.swift in Sources */ = {isa = PBXBuildFile; fileRef = 841DB9FE24B5F13E0048A5B7 /* Garden.swift */; };
		843EBEE224B7BA7E0021323A /* Plant.swift in Sources */ = {isa = PBXBuildFile; fileRef = 843EBEE124B7BA7E0021323A /* Plant.swift */; };
		843EBEE424B7C6370021323A /* BigGreenFloatingButton.swift in Sources */ = {isa = PBXBuildFile; fileRef = 843EBEE324B7C6370021323A /* BigGreenFloatingButton.swift */; };
		843EBEE624B7C85C0021323A /* MakeNewPlantView.swift in Sources */ = {isa = PBXBuildFile; fileRef = 843EBEE524B7C85C0021323A /* MakeNewPlantView.swift */; };
		8450E5DC24B8A14400795CA3 /* PlantDetailView.swift in Sources */ = {isa = PBXBuildFile; fileRef = 8450E5DB24B8A14400795CA3 /* PlantDetailView.swift */; };
		84833F8324BC6EA6003CE209 /* VerticalTimeLine.swift in Sources */ = {isa = PBXBuildFile; fileRef = 84833F8224BC6EA6003CE209 /* VerticalTimeLine.swift */; };
		84E8144824B9FB79006B9C2E /* ImagePicker.swift in Sources */ = {isa = PBXBuildFile; fileRef = 84E8144724B9FB79006B9C2E /* ImagePicker.swift */; };
		84E8144A24BA000C006B9C2E /* utilities.swift in Sources */ = {isa = PBXBuildFile; fileRef = 84E8144924BA000C006B9C2E /* utilities.swift */; };
/* End PBXBuildFile section */

/* Begin PBXFileReference section */
		840AA44224B904790017886D /* WaterMeButton.swift */ = {isa = PBXFileReference; lastKnownFileType = sourcecode.swift; path = WaterMeButton.swift; sourceTree = "<group>"; };
		841DB9E524B5F0EF0048A5B7 /* WaterMe.app */ = {isa = PBXFileReference; explicitFileType = wrapper.application; includeInIndex = 0; path = WaterMe.app; sourceTree = BUILT_PRODUCTS_DIR; };
		841DB9E824B5F0EF0048A5B7 /* AppDelegate.swift */ = {isa = PBXFileReference; lastKnownFileType = sourcecode.swift; path = AppDelegate.swift; sourceTree = "<group>"; };
		841DB9EA24B5F0EF0048A5B7 /* SceneDelegate.swift */ = {isa = PBXFileReference; lastKnownFileType = sourcecode.swift; path = SceneDelegate.swift; sourceTree = "<group>"; };
		841DB9EC24B5F0EF0048A5B7 /* ContentView.swift */ = {isa = PBXFileReference; lastKnownFileType = sourcecode.swift; path = ContentView.swift; sourceTree = "<group>"; };
		841DB9EE24B5F0F10048A5B7 /* Assets.xcassets */ = {isa = PBXFileReference; lastKnownFileType = folder.assetcatalog; path = Assets.xcassets; sourceTree = "<group>"; };
		841DB9F124B5F0F10048A5B7 /* Preview Assets.xcassets */ = {isa = PBXFileReference; lastKnownFileType = folder.assetcatalog; path = "Preview Assets.xcassets"; sourceTree = "<group>"; };
		841DB9F424B5F0F10048A5B7 /* Base */ = {isa = PBXFileReference; lastKnownFileType = file.storyboard; name = Base; path = Base.lproj/LaunchScreen.storyboard; sourceTree = "<group>"; };
		841DB9F624B5F0F10048A5B7 /* Info.plist */ = {isa = PBXFileReference; lastKnownFileType = text.plist.xml; path = Info.plist; sourceTree = "<group>"; };
		841DB9FE24B5F13E0048A5B7 /* Garden.swift */ = {isa = PBXFileReference; lastKnownFileType = sourcecode.swift; path = Garden.swift; sourceTree = "<group>"; };
		843EBEE124B7BA7E0021323A /* Plant.swift */ = {isa = PBXFileReference; lastKnownFileType = sourcecode.swift; path = Plant.swift; sourceTree = "<group>"; };
		843EBEE324B7C6370021323A /* BigGreenFloatingButton.swift */ = {isa = PBXFileReference; lastKnownFileType = sourcecode.swift; path = BigGreenFloatingButton.swift; sourceTree = "<group>"; };
		843EBEE524B7C85C0021323A /* MakeNewPlantView.swift */ = {isa = PBXFileReference; lastKnownFileType = sourcecode.swift; path = MakeNewPlantView.swift; sourceTree = "<group>"; };
		8450E5DB24B8A14400795CA3 /* PlantDetailView.swift */ = {isa = PBXFileReference; lastKnownFileType = sourcecode.swift; path = PlantDetailView.swift; sourceTree = "<group>"; };
		84833F8224BC6EA6003CE209 /* VerticalTimeLine.swift */ = {isa = PBXFileReference; lastKnownFileType = sourcecode.swift; path = VerticalTimeLine.swift; sourceTree = "<group>"; };
		84E8144724B9FB79006B9C2E /* ImagePicker.swift */ = {isa = PBXFileReference; lastKnownFileType = sourcecode.swift; path = ImagePicker.swift; sourceTree = "<group>"; };
		84E8144924BA000C006B9C2E /* utilities.swift */ = {isa = PBXFileReference; lastKnownFileType = sourcecode.swift; path = utilities.swift; sourceTree = "<group>"; };
/* End PBXFileReference section */

/* Begin PBXFrameworksBuildPhase section */
		841DB9E224B5F0EF0048A5B7 /* Frameworks */ = {
			isa = PBXFrameworksBuildPhase;
			buildActionMask = 2147483647;
			files = (
			);
			runOnlyForDeploymentPostprocessing = 0;
		};
/* End PBXFrameworksBuildPhase section */

/* Begin PBXGroup section */
		841DB9DC24B5F0EF0048A5B7 = {
			isa = PBXGroup;
			children = (
				841DB9E724B5F0EF0048A5B7 /* WaterMe */,
				841DB9E624B5F0EF0048A5B7 /* Products */,
			);
			sourceTree = "<group>";
		};
		841DB9E624B5F0EF0048A5B7 /* Products */ = {
			isa = PBXGroup;
			children = (
				841DB9E524B5F0EF0048A5B7 /* WaterMe.app */,
			);
			name = Products;
			sourceTree = "<group>";
		};
		841DB9E724B5F0EF0048A5B7 /* WaterMe */ = {
			isa = PBXGroup;
			children = (
				843EBEE124B7BA7E0021323A /* Plant.swift */,
				841DB9FE24B5F13E0048A5B7 /* Garden.swift */,
				841DB9E824B5F0EF0048A5B7 /* AppDelegate.swift */,
				841DB9EA24B5F0EF0048A5B7 /* SceneDelegate.swift */,
				841DB9EC24B5F0EF0048A5B7 /* ContentView.swift */,
				8450E5DB24B8A14400795CA3 /* PlantDetailView.swift */,
				84E8144924BA000C006B9C2E /* utilities.swift */,
				84E8144724B9FB79006B9C2E /* ImagePicker.swift */,
				843EBEE524B7C85C0021323A /* MakeNewPlantView.swift */,
				840AA44224B904790017886D /* WaterMeButton.swift */,
				84833F8224BC6EA6003CE209 /* VerticalTimeLine.swift */,
				843EBEE324B7C6370021323A /* BigGreenFloatingButton.swift */,
				841DB9EE24B5F0F10048A5B7 /* Assets.xcassets */,
				841DB9F324B5F0F10048A5B7 /* LaunchScreen.storyboard */,
				841DB9F624B5F0F10048A5B7 /* Info.plist */,
				841DB9F024B5F0F10048A5B7 /* Preview Content */,
			);
			path = WaterMe;
			sourceTree = "<group>";
		};
		841DB9F024B5F0F10048A5B7 /* Preview Content */ = {
			isa = PBXGroup;
			children = (
				841DB9F124B5F0F10048A5B7 /* Preview Assets.xcassets */,
			);
			path = "Preview Content";
			sourceTree = "<group>";
		};
/* End PBXGroup section */

/* Begin PBXNativeTarget section */
		841DB9E424B5F0EF0048A5B7 /* WaterMe */ = {
			isa = PBXNativeTarget;
			buildConfigurationList = 841DB9F924B5F0F10048A5B7 /* Build configuration list for PBXNativeTarget "WaterMe" */;
			buildPhases = (
				841DB9E124B5F0EF0048A5B7 /* Sources */,
				841DB9E224B5F0EF0048A5B7 /* Frameworks */,
				841DB9E324B5F0EF0048A5B7 /* Resources */,
			);
			buildRules = (
			);
			dependencies = (
			);
			name = WaterMe;
			productName = WaterMe;
			productReference = 841DB9E524B5F0EF0048A5B7 /* WaterMe.app */;
			productType = "com.apple.product-type.application";
		};
/* End PBXNativeTarget section */

/* Begin PBXProject section */
		841DB9DD24B5F0EF0048A5B7 /* Project object */ = {
			isa = PBXProject;
			attributes = {
				LastSwiftUpdateCheck = 1150;
				LastUpgradeCheck = 1150;
				ORGANIZATIONNAME = "Joshua Cook";
				TargetAttributes = {
					841DB9E424B5F0EF0048A5B7 = {
						CreatedOnToolsVersion = 11.5;
					};
				};
			};
			buildConfigurationList = 841DB9E024B5F0EF0048A5B7 /* Build configuration list for PBXProject "WaterMe" */;
			compatibilityVersion = "Xcode 9.3";
			developmentRegion = en;
			hasScannedForEncodings = 0;
			knownRegions = (
				en,
				Base,
			);
			mainGroup = 841DB9DC24B5F0EF0048A5B7;
			productRefGroup = 841DB9E624B5F0EF0048A5B7 /* Products */;
			projectDirPath = "";
			projectRoot = "";
			targets = (
				841DB9E424B5F0EF0048A5B7 /* WaterMe */,
			);
		};
/* End PBXProject section */

/* Begin PBXResourcesBuildPhase section */
		841DB9E324B5F0EF0048A5B7 /* Resources */ = {
			isa = PBXResourcesBuildPhase;
			buildActionMask = 2147483647;
			files = (
				841DB9F524B5F0F10048A5B7 /* LaunchScreen.storyboard in Resources */,
				841DB9F224B5F0F10048A5B7 /* Preview Assets.xcassets in Resources */,
				841DB9EF24B5F0F10048A5B7 /* Assets.xcassets in Resources */,
			);
			runOnlyForDeploymentPostprocessing = 0;
		};
/* End PBXResourcesBuildPhase section */

/* Begin PBXSourcesBuildPhase section */
		841DB9E124B5F0EF0048A5B7 /* Sources */ = {
			isa = PBXSourcesBuildPhase;
			buildActionMask = 2147483647;
			files = (
				843EBEE624B7C85C0021323A /* MakeNewPlantView.swift in Sources */,
				841DB9FF24B5F13E0048A5B7 /* Garden.swift in Sources */,
				84833F8324BC6EA6003CE209 /* VerticalTimeLine.swift in Sources */,
				841DB9E924B5F0EF0048A5B7 /* AppDelegate.swift in Sources */,
				843EBEE224B7BA7E0021323A /* Plant.swift in Sources */,
				841DB9EB24B5F0EF0048A5B7 /* SceneDelegate.swift in Sources */,
				84E8144A24BA000C006B9C2E /* utilities.swift in Sources */,
				8450E5DC24B8A14400795CA3 /* PlantDetailView.swift in Sources */,
				843EBEE424B7C6370021323A /* BigGreenFloatingButton.swift in Sources */,
				84E8144824B9FB79006B9C2E /* ImagePicker.swift in Sources */,
				841DB9ED24B5F0EF0048A5B7 /* ContentView.swift in Sources */,
				840AA44324B904790017886D /* WaterMeButton.swift in Sources */,
			);
			runOnlyForDeploymentPostprocessing = 0;
		};
/* End PBXSourcesBuildPhase section */

/* Begin PBXVariantGroup section */
		841DB9F324B5F0F10048A5B7 /* LaunchScreen.storyboard */ = {
			isa = PBXVariantGroup;
			children = (
				841DB9F424B5F0F10048A5B7 /* Base */,
			);
			name = LaunchScreen.storyboard;
			sourceTree = "<group>";
		};
/* End PBXVariantGroup section */

/* Begin XCBuildConfiguration section */
		841DB9F724B5F0F10048A5B7 /* Debug */ = {
			isa = XCBuildConfiguration;
			buildSettings = {
				ALWAYS_SEARCH_USER_PATHS = NO;
				CLANG_ANALYZER_NONNULL = YES;
				CLANG_ANALYZER_NUMBER_OBJECT_CONVERSION = YES_AGGRESSIVE;
				CLANG_CXX_LANGUAGE_STANDARD = "gnu++14";
				CLANG_CXX_LIBRARY = "libc++";
				CLANG_ENABLE_MODULES = YES;
				CLANG_ENABLE_OBJC_ARC = YES;
				CLANG_ENABLE_OBJC_WEAK = YES;
				CLANG_WARN_BLOCK_CAPTURE_AUTORELEASING = YES;
				CLANG_WARN_BOOL_CONVERSION = YES;
				CLANG_WARN_COMMA = YES;
				CLANG_WARN_CONSTANT_CONVERSION = YES;
				CLANG_WARN_DEPRECATED_OBJC_IMPLEMENTATIONS = YES;
				CLANG_WARN_DIRECT_OBJC_ISA_USAGE = YES_ERROR;
				CLANG_WARN_DOCUMENTATION_COMMENTS = YES;
				CLANG_WARN_EMPTY_BODY = YES;
				CLANG_WARN_ENUM_CONVERSION = YES;
				CLANG_WARN_INFINITE_RECURSION = YES;
				CLANG_WARN_INT_CONVERSION = YES;
				CLANG_WARN_NON_LITERAL_NULL_CONVERSION = YES;
				CLANG_WARN_OBJC_IMPLICIT_RETAIN_SELF = YES;
				CLANG_WARN_OBJC_LITERAL_CONVERSION = YES;
				CLANG_WARN_OBJC_ROOT_CLASS = YES_ERROR;
				CLANG_WARN_RANGE_LOOP_ANALYSIS = YES;
				CLANG_WARN_STRICT_PROTOTYPES = YES;
				CLANG_WARN_SUSPICIOUS_MOVE = YES;
				CLANG_WARN_UNGUARDED_AVAILABILITY = YES_AGGRESSIVE;
				CLANG_WARN_UNREACHABLE_CODE = YES;
				CLANG_WARN__DUPLICATE_METHOD_MATCH = YES;
				COPY_PHASE_STRIP = NO;
				DEBUG_INFORMATION_FORMAT = dwarf;
				ENABLE_STRICT_OBJC_MSGSEND = YES;
				ENABLE_TESTABILITY = YES;
				GCC_C_LANGUAGE_STANDARD = gnu11;
				GCC_DYNAMIC_NO_PIC = NO;
				GCC_NO_COMMON_BLOCKS = YES;
				GCC_OPTIMIZATION_LEVEL = 0;
				GCC_PREPROCESSOR_DEFINITIONS = (
					"DEBUG=1",
					"$(inherited)",
				);
				GCC_WARN_64_TO_32_BIT_CONVERSION = YES;
				GCC_WARN_ABOUT_RETURN_TYPE = YES_ERROR;
				GCC_WARN_UNDECLARED_SELECTOR = YES;
				GCC_WARN_UNINITIALIZED_AUTOS = YES_AGGRESSIVE;
				GCC_WARN_UNUSED_FUNCTION = YES;
				GCC_WARN_UNUSED_VARIABLE = YES;
				IPHONEOS_DEPLOYMENT_TARGET = 13.5;
				MTL_ENABLE_DEBUG_INFO = INCLUDE_SOURCE;
				MTL_FAST_MATH = YES;
				ONLY_ACTIVE_ARCH = YES;
				SDKROOT = iphoneos;
				SWIFT_ACTIVE_COMPILATION_CONDITIONS = DEBUG;
				SWIFT_OPTIMIZATION_LEVEL = "-Onone";
			};
			name = Debug;
		};
		841DB9F824B5F0F10048A5B7 /* Release */ = {
			isa = XCBuildConfiguration;
			buildSettings = {
				ALWAYS_SEARCH_USER_PATHS = NO;
				CLANG_ANALYZER_NONNULL = YES;
				CLANG_ANALYZER_NUMBER_OBJECT_CONVERSION = YES_AGGRESSIVE;
				CLANG_CXX_LANGUAGE_STANDARD = "gnu++14";
				CLANG_CXX_LIBRARY = "libc++";
				CLANG_ENABLE_MODULES = YES;
				CLANG_ENABLE_OBJC_ARC = YES;
				CLANG_ENABLE_OBJC_WEAK = YES;
				CLANG_WARN_BLOCK_CAPTURE_AUTORELEASING = YES;
				CLANG_WARN_BOOL_CONVERSION = YES;
				CLANG_WARN_COMMA = YES;
				CLANG_WARN_CONSTANT_CONVERSION = YES;
				CLANG_WARN_DEPRECATED_OBJC_IMPLEMENTATIONS = YES;
				CLANG_WARN_DIRECT_OBJC_ISA_USAGE = YES_ERROR;
				CLANG_WARN_DOCUMENTATION_COMMENTS = YES;
				CLANG_WARN_EMPTY_BODY = YES;
				CLANG_WARN_ENUM_CONVERSION = YES;
				CLANG_WARN_INFINITE_RECURSION = YES;
				CLANG_WARN_INT_CONVERSION = YES;
				CLANG_WARN_NON_LITERAL_NULL_CONVERSION = YES;
				CLANG_WARN_OBJC_IMPLICIT_RETAIN_SELF = YES;
				CLANG_WARN_OBJC_LITERAL_CONVERSION = YES;
				CLANG_WARN_OBJC_ROOT_CLASS = YES_ERROR;
				CLANG_WARN_RANGE_LOOP_ANALYSIS = YES;
				CLANG_WARN_STRICT_PROTOTYPES = YES;
				CLANG_WARN_SUSPICIOUS_MOVE = YES;
				CLANG_WARN_UNGUARDED_AVAILABILITY = YES_AGGRESSIVE;
				CLANG_WARN_UNREACHABLE_CODE = YES;
				CLANG_WARN__DUPLICATE_METHOD_MATCH = YES;
				COPY_PHASE_STRIP = NO;
				DEBUG_INFORMATION_FORMAT = "dwarf-with-dsym";
				ENABLE_NS_ASSERTIONS = NO;
				ENABLE_STRICT_OBJC_MSGSEND = YES;
				GCC_C_LANGUAGE_STANDARD = gnu11;
				GCC_NO_COMMON_BLOCKS = YES;
				GCC_WARN_64_TO_32_BIT_CONVERSION = YES;
				GCC_WARN_ABOUT_RETURN_TYPE = YES_ERROR;
				GCC_WARN_UNDECLARED_SELECTOR = YES;
				GCC_WARN_UNINITIALIZED_AUTOS = YES_AGGRESSIVE;
				GCC_WARN_UNUSED_FUNCTION = YES;
				GCC_WARN_UNUSED_VARIABLE = YES;
				IPHONEOS_DEPLOYMENT_TARGET = 13.5;
				MTL_ENABLE_DEBUG_INFO = NO;
				MTL_FAST_MATH = YES;
				SDKROOT = iphoneos;
				SWIFT_COMPILATION_MODE = wholemodule;
				SWIFT_OPTIMIZATION_LEVEL = "-O";
				VALIDATE_PRODUCT = YES;
			};
			name = Release;
		};
		841DB9FA24B5F0F10048A5B7 /* Debug */ = {
			isa = XCBuildConfiguration;
			buildSettings = {
				ASSETCATALOG_COMPILER_APPICON_NAME = AppIcon;
				CODE_SIGN_STYLE = Automatic;
				DEVELOPMENT_ASSET_PATHS = "\"WaterMe/Preview Content\"";
				DEVELOPMENT_TEAM = CRMHYJ9F9F;
				ENABLE_PREVIEWS = YES;
				INFOPLIST_FILE = WaterMe/Info.plist;
				LD_RUNPATH_SEARCH_PATHS = (
					"$(inherited)",
					"@executable_path/Frameworks",
				);
				PRODUCT_BUNDLE_IDENTIFIER = com.joshuacook.WaterMe;
				PRODUCT_NAME = "$(TARGET_NAME)";
				SWIFT_VERSION = 5.0;
				TARGETED_DEVICE_FAMILY = "1,2";
			};
			name = Debug;
		};
		841DB9FB24B5F0F10048A5B7 /* Release */ = {
			isa = XCBuildConfiguration;
			buildSettings = {
				ASSETCATALOG_COMPILER_APPICON_NAME = AppIcon;
				CODE_SIGN_STYLE = Automatic;
				DEVELOPMENT_ASSET_PATHS = "\"WaterMe/Preview Content\"";
				DEVELOPMENT_TEAM = CRMHYJ9F9F;
				ENABLE_PREVIEWS = YES;
				INFOPLIST_FILE = WaterMe/Info.plist;
				LD_RUNPATH_SEARCH_PATHS = (
					"$(inherited)",
					"@executable_path/Frameworks",
				);
				PRODUCT_BUNDLE_IDENTIFIER = com.joshuacook.WaterMe;
				PRODUCT_NAME = "$(TARGET_NAME)";
				SWIFT_VERSION = 5.0;
				TARGETED_DEVICE_FAMILY = "1,2";
			};
			name = Release;
		};
/* End XCBuildConfiguration section */

/* Begin XCConfigurationList section */
		841DB9E024B5F0EF0048A5B7 /* Build configuration list for PBXProject "WaterMe" */ = {
			isa = XCConfigurationList;
			buildConfigurations = (
				841DB9F724B5F0F10048A5B7 /* Debug */,
				841DB9F824B5F0F10048A5B7 /* Release */,
			);
			defaultConfigurationIsVisible = 0;
			defaultConfigurationName = Release;
		};
		841DB9F924B5F0F10048A5B7 /* Build configuration list for PBXNativeTarget "WaterMe" */ = {
			isa = XCConfigurationList;
			buildConfigurations = (
				841DB9FA24B5F0F10048A5B7 /* Debug */,
				841DB9FB24B5F0F10048A5B7 /* Release */,
			);
			defaultConfigurationIsVisible = 0;
			defaultConfigurationName = Release;
		};
/* End XCConfigurationList section */
	};
	rootObject = 841DB9DD24B5F0EF0048A5B7 /* Project object */;
}
